// !$*UTF8*$!
{
	archiveVersion = 1;
	classes = {
	};
	objectVersion = 50;
	objects = {

/* Begin PBXBuildFile section */
		F733E7F821B72A370070845F /* AppDelegate.swift in Sources */ = {isa = PBXBuildFile; fileRef = F733E7F721B72A370070845F /* AppDelegate.swift */; };
		F733E7FD21B72A370070845F /* Main.storyboard in Resources */ = {isa = PBXBuildFile; fileRef = F733E7FB21B72A370070845F /* Main.storyboard */; };
		F733E7FF21B72A380070845F /* Assets.xcassets in Resources */ = {isa = PBXBuildFile; fileRef = F733E7FE21B72A380070845F /* Assets.xcassets */; };
		F733E80221B72A380070845F /* LaunchScreen.storyboard in Resources */ = {isa = PBXBuildFile; fileRef = F733E80021B72A380070845F /* LaunchScreen.storyboard */; };
		F733E80A21B731BA0070845F /* SwitchTableViewCell.swift in Sources */ = {isa = PBXBuildFile; fileRef = F733E80921B731BA0070845F /* SwitchTableViewCell.swift */; };
		F733E80C21B733670070845F /* AlarmDetailTableViewController.swift in Sources */ = {isa = PBXBuildFile; fileRef = F733E80B21B733670070845F /* AlarmDetailTableViewController.swift */; };
		F733E80E21B7344B0070845F /* Alarm.swift in Sources */ = {isa = PBXBuildFile; fileRef = F733E80D21B7344B0070845F /* Alarm.swift */; };
		F733E81021B73ED20070845F /* AlarmController.swift in Sources */ = {isa = PBXBuildFile; fileRef = F733E80F21B73ED20070845F /* AlarmController.swift */; };
		F733E81221B749C50070845F /* AlarmListTableViewController.swift in Sources */ = {isa = PBXBuildFile; fileRef = F733E81121B749C50070845F /* AlarmListTableViewController.swift */; };
/* End PBXBuildFile section */

/* Begin PBXFileReference section */
		F733E7F421B72A370070845F /* Alarm23.app */ = {isa = PBXFileReference; explicitFileType = wrapper.application; includeInIndex = 0; path = Alarm23.app; sourceTree = BUILT_PRODUCTS_DIR; };
		F733E7F721B72A370070845F /* AppDelegate.swift */ = {isa = PBXFileReference; lastKnownFileType = sourcecode.swift; path = AppDelegate.swift; sourceTree = "<group>"; };
		F733E7FC21B72A370070845F /* Base */ = {isa = PBXFileReference; lastKnownFileType = file.storyboard; name = Base; path = Base.lproj/Main.storyboard; sourceTree = "<group>"; };
		F733E7FE21B72A380070845F /* Assets.xcassets */ = {isa = PBXFileReference; lastKnownFileType = folder.assetcatalog; path = Assets.xcassets; sourceTree = "<group>"; };
		F733E80121B72A380070845F /* Base */ = {isa = PBXFileReference; lastKnownFileType = file.storyboard; name = Base; path = Base.lproj/LaunchScreen.storyboard; sourceTree = "<group>"; };
		F733E80321B72A380070845F /* Info.plist */ = {isa = PBXFileReference; lastKnownFileType = text.plist.xml; path = Info.plist; sourceTree = "<group>"; };
		F733E80921B731BA0070845F /* SwitchTableViewCell.swift */ = {isa = PBXFileReference; lastKnownFileType = sourcecode.swift; path = SwitchTableViewCell.swift; sourceTree = "<group>"; };
		F733E80B21B733670070845F /* AlarmDetailTableViewController.swift */ = {isa = PBXFileReference; lastKnownFileType = sourcecode.swift; path = AlarmDetailTableViewController.swift; sourceTree = "<group>"; };
		F733E80D21B7344B0070845F /* Alarm.swift */ = {isa = PBXFileReference; lastKnownFileType = sourcecode.swift; path = Alarm.swift; sourceTree = "<group>"; };
		F733E80F21B73ED20070845F /* AlarmController.swift */ = {isa = PBXFileReference; lastKnownFileType = sourcecode.swift; path = AlarmController.swift; sourceTree = "<group>"; };
		F733E81121B749C50070845F /* AlarmListTableViewController.swift */ = {isa = PBXFileReference; lastKnownFileType = sourcecode.swift; path = AlarmListTableViewController.swift; sourceTree = "<group>"; };
/* End PBXFileReference section */

/* Begin PBXFrameworksBuildPhase section */
		F733E7F121B72A370070845F /* Frameworks */ = {
			isa = PBXFrameworksBuildPhase;
			buildActionMask = 2147483647;
			files = (
			);
			runOnlyForDeploymentPostprocessing = 0;
		};
/* End PBXFrameworksBuildPhase section */

/* Begin PBXGroup section */
		F733E7EB21B72A370070845F = {
			isa = PBXGroup;
			children = (
				F733E7F621B72A370070845F /* Alarm23 */,
				F733E7F521B72A370070845F /* Products */,
			);
			sourceTree = "<group>";
		};
		F733E7F521B72A370070845F /* Products */ = {
			isa = PBXGroup;
			children = (
				F733E7F421B72A370070845F /* Alarm23.app */,
			);
			name = Products;
			sourceTree = "<group>";
		};
		F733E7F621B72A370070845F /* Alarm23 */ = {
			isa = PBXGroup;
			children = (
				F733E81521B767B40070845F /* view controllers */,
				F733E81421B767A60070845F /* model controller */,
				F733E81321B767300070845F /* model */,
				F733E7F721B72A370070845F /* AppDelegate.swift */,
				F733E7FB21B72A370070845F /* Main.storyboard */,
				F733E7FE21B72A380070845F /* Assets.xcassets */,
				F733E80021B72A380070845F /* LaunchScreen.storyboard */,
				F733E80321B72A380070845F /* Info.plist */,
			);
			path = Alarm23;
			sourceTree = "<group>";
		};
		F733E81321B767300070845F /* model */ = {
			isa = PBXGroup;
			children = (
				F733E80D21B7344B0070845F /* Alarm.swift */,
			);
			path = model;
			sourceTree = "<group>";
		};
		F733E81421B767A60070845F /* model controller */ = {
			isa = PBXGroup;
			children = (
				F733E80F21B73ED20070845F /* AlarmController.swift */,
			);
			path = "model controller";
			sourceTree = "<group>";
		};
		F733E81521B767B40070845F /* view controllers */ = {
			isa = PBXGroup;
			children = (
				F733E81721B767D70070845F /* detail view controller */,
				F733E81621B767CA0070845F /* tableview controllers */,
			);
			path = "view controllers";
			sourceTree = "<group>";
		};
		F733E81621B767CA0070845F /* tableview controllers */ = {
			isa = PBXGroup;
			children = (
				F733E81121B749C50070845F /* AlarmListTableViewController.swift */,
				F733E81821B767E50070845F /* tableview cell */,
			);
			path = "tableview controllers";
			sourceTree = "<group>";
		};
		F733E81721B767D70070845F /* detail view controller */ = {
			isa = PBXGroup;
			children = (
				F733E80B21B733670070845F /* AlarmDetailTableViewController.swift */,
			);
			path = "detail view controller";
			sourceTree = "<group>";
		};
		F733E81821B767E50070845F /* tableview cell */ = {
			isa = PBXGroup;
			children = (
				F733E80921B731BA0070845F /* SwitchTableViewCell.swift */,
			);
			path = "tableview cell";
			sourceTree = "<group>";
		};
/* End PBXGroup section */

/* Begin PBXNativeTarget section */
		F733E7F321B72A370070845F /* Alarm23 */ = {
			isa = PBXNativeTarget;
			buildConfigurationList = F733E80621B72A380070845F /* Build configuration list for PBXNativeTarget "Alarm23" */;
			buildPhases = (
				F733E7F021B72A370070845F /* Sources */,
				F733E7F121B72A370070845F /* Frameworks */,
				F733E7F221B72A370070845F /* Resources */,
			);
			buildRules = (
			);
			dependencies = (
			);
			name = Alarm23;
			productName = Alarm23;
			productReference = F733E7F421B72A370070845F /* Alarm23.app */;
			productType = "com.apple.product-type.application";
		};
/* End PBXNativeTarget section */

/* Begin PBXProject section */
		F733E7EC21B72A370070845F /* Project object */ = {
			isa = PBXProject;
			attributes = {
				LastSwiftUpdateCheck = 1010;
				LastUpgradeCheck = 1010;
				ORGANIZATIONNAME = "Karissa McDaris";
				TargetAttributes = {
					F733E7F321B72A370070845F = {
						CreatedOnToolsVersion = 10.1;
					};
				};
			};
			buildConfigurationList = F733E7EF21B72A370070845F /* Build configuration list for PBXProject "Alarm23" */;
			compatibilityVersion = "Xcode 9.3";
			developmentRegion = en;
			hasScannedForEncodings = 0;
			knownRegions = (
				en,
				Base,
			);
			mainGroup = F733E7EB21B72A370070845F;
			productRefGroup = F733E7F521B72A370070845F /* Products */;
			projectDirPath = "";
			projectRoot = "";
			targets = (
				F733E7F321B72A370070845F /* Alarm23 */,
			);
		};
/* End PBXProject section */

/* Begin PBXResourcesBuildPhase section */
		F733E7F221B72A370070845F /* Resources */ = {
			isa = PBXResourcesBuildPhase;
			buildActionMask = 2147483647;
			files = (
				F733E80221B72A380070845F /* LaunchScreen.storyboard in Resources */,
				F733E7FF21B72A380070845F /* Assets.xcassets in Resources */,
				F733E7FD21B72A370070845F /* Main.storyboard in Resources */,
			);
			runOnlyForDeploymentPostprocessing = 0;
		};
/* End PBXResourcesBuildPhase section */

/* Begin PBXSourcesBuildPhase section */
		F733E7F021B72A370070845F /* Sources */ = {
			isa = PBXSourcesBuildPhase;
			buildActionMask = 2147483647;
			files = (
				F733E80C21B733670070845F /* AlarmDetailTableViewController.swift in Sources */,
				F733E81221B749C50070845F /* AlarmListTableViewController.swift in Sources */,
				F733E81021B73ED20070845F /* AlarmController.swift in Sources */,
				F733E7F821B72A370070845F /* AppDelegate.swift in Sources */,
				F733E80A21B731BA0070845F /* SwitchTableViewCell.swift in Sources */,
				F733E80E21B7344B0070845F /* Alarm.swift in Sources */,
			);
			runOnlyForDeploymentPostprocessing = 0;
		};
/* End PBXSourcesBuildPhase section */

/* Begin PBXVariantGroup section */
		F733E7FB21B72A370070845F /* Main.storyboard */ = {
			isa = PBXVariantGroup;
			children = (
				F733E7FC21B72A370070845F /* Base */,
			);
			name = Main.storyboard;
			sourceTree = "<group>";
		};
		F733E80021B72A380070845F /* LaunchScreen.storyboard */ = {
			isa = PBXVariantGroup;
			children = (
				F733E80121B72A380070845F /* Base */,
			);
			name = LaunchScreen.storyboard;
			sourceTree = "<group>";
		};
/* End PBXVariantGroup section */

/* Begin XCBuildConfiguration section */
		F733E80421B72A380070845F /* Debug */ = {
			isa = XCBuildConfiguration;
			buildSettings = {
				ALWAYS_SEARCH_USER_PATHS = NO;
				CLANG_ANALYZER_NONNULL = YES;
				CLANG_ANALYZER_NUMBER_OBJECT_CONVERSION = YES_AGGRESSIVE;
				CLANG_CXX_LANGUAGE_STANDARD = "gnu++14";
				CLANG_CXX_LIBRARY = "libc++";
				CLANG_ENABLE_MODULES = YES;
				CLANG_ENABLE_OBJC_ARC = YES;
				CLANG_ENABLE_OBJC_WEAK = YES;
				CLANG_WARN_BLOCK_CAPTURE_AUTORELEASING = YES;
				CLANG_WARN_BOOL_CONVERSION = YES;
				CLANG_WARN_COMMA = YES;
				CLANG_WARN_CONSTANT_CONVERSION = YES;
				CLANG_WARN_DEPRECATED_OBJC_IMPLEMENTATIONS = YES;
				CLANG_WARN_DIRECT_OBJC_ISA_USAGE = YES_ERROR;
				CLANG_WARN_DOCUMENTATION_COMMENTS = YES;
				CLANG_WARN_EMPTY_BODY = YES;
				CLANG_WARN_ENUM_CONVERSION = YES;
				CLANG_WARN_INFINITE_RECURSION = YES;
				CLANG_WARN_INT_CONVERSION = YES;
				CLANG_WARN_NON_LITERAL_NULL_CONVERSION = YES;
				CLANG_WARN_OBJC_IMPLICIT_RETAIN_SELF = YES;
				CLANG_WARN_OBJC_LITERAL_CONVERSION = YES;
				CLANG_WARN_OBJC_ROOT_CLASS = YES_ERROR;
				CLANG_WARN_RANGE_LOOP_ANALYSIS = YES;
				CLANG_WARN_STRICT_PROTOTYPES = YES;
				CLANG_WARN_SUSPICIOUS_MOVE = YES;
				CLANG_WARN_UNGUARDED_AVAILABILITY = YES_AGGRESSIVE;
				CLANG_WARN_UNREACHABLE_CODE = YES;
				CLANG_WARN__DUPLICATE_METHOD_MATCH = YES;
				CODE_SIGN_IDENTITY = "iPhone Developer";
				COPY_PHASE_STRIP = NO;
				DEBUG_INFORMATION_FORMAT = dwarf;
				ENABLE_STRICT_OBJC_MSGSEND = YES;
				ENABLE_TESTABILITY = YES;
				GCC_C_LANGUAGE_STANDARD = gnu11;
				GCC_DYNAMIC_NO_PIC = NO;
				GCC_NO_COMMON_BLOCKS = YES;
				GCC_OPTIMIZATION_LEVEL = 0;
				GCC_PREPROCESSOR_DEFINITIONS = (
					"DEBUG=1",
					"$(inherited)",
				);
				GCC_WARN_64_TO_32_BIT_CONVERSION = YES;
				GCC_WARN_ABOUT_RETURN_TYPE = YES_ERROR;
				GCC_WARN_UNDECLARED_SELECTOR = YES;
				GCC_WARN_UNINITIALIZED_AUTOS = YES_AGGRESSIVE;
				GCC_WARN_UNUSED_FUNCTION = YES;
				GCC_WARN_UNUSED_VARIABLE = YES;
				IPHONEOS_DEPLOYMENT_TARGET = 12.1;
				MTL_ENABLE_DEBUG_INFO = INCLUDE_SOURCE;
				MTL_FAST_MATH = YES;
				ONLY_ACTIVE_ARCH = YES;
				SDKROOT = iphoneos;
				SWIFT_ACTIVE_COMPILATION_CONDITIONS = DEBUG;
				SWIFT_OPTIMIZATION_LEVEL = "-Onone";
			};
			name = Debug;
		};
		F733E80521B72A380070845F /* Release */ = {
			isa = XCBuildConfiguration;
			buildSettings = {
				ALWAYS_SEARCH_USER_PATHS = NO;
				CLANG_ANALYZER_NONNULL = YES;
				CLANG_ANALYZER_NUMBER_OBJECT_CONVERSION = YES_AGGRESSIVE;
				CLANG_CXX_LANGUAGE_STANDARD = "gnu++14";
				CLANG_CXX_LIBRARY = "libc++";
				CLANG_ENABLE_MODULES = YES;
				CLANG_ENABLE_OBJC_ARC = YES;
				CLANG_ENABLE_OBJC_WEAK = YES;
				CLANG_WARN_BLOCK_CAPTURE_AUTORELEASING = YES;
				CLANG_WARN_BOOL_CONVERSION = YES;
				CLANG_WARN_COMMA = YES;
				CLANG_WARN_CONSTANT_CONVERSION = YES;
				CLANG_WARN_DEPRECATED_OBJC_IMPLEMENTATIONS = YES;
				CLANG_WARN_DIRECT_OBJC_ISA_USAGE = YES_ERROR;
				CLANG_WARN_DOCUMENTATION_COMMENTS = YES;
				CLANG_WARN_EMPTY_BODY = YES;
				CLANG_WARN_ENUM_CONVERSION = YES;
				CLANG_WARN_INFINITE_RECURSION = YES;
				CLANG_WARN_INT_CONVERSION = YES;
				CLANG_WARN_NON_LITERAL_NULL_CONVERSION = YES;
				CLANG_WARN_OBJC_IMPLICIT_RETAIN_SELF = YES;
				CLANG_WARN_OBJC_LITERAL_CONVERSION = YES;
				CLANG_WARN_OBJC_ROOT_CLASS = YES_ERROR;
				CLANG_WARN_RANGE_LOOP_ANALYSIS = YES;
				CLANG_WARN_STRICT_PROTOTYPES = YES;
				CLANG_WARN_SUSPICIOUS_MOVE = YES;
				CLANG_WARN_UNGUARDED_AVAILABILITY = YES_AGGRESSIVE;
				CLANG_WARN_UNREACHABLE_CODE = YES;
				CLANG_WARN__DUPLICATE_METHOD_MATCH = YES;
				CODE_SIGN_IDENTITY = "iPhone Developer";
				COPY_PHASE_STRIP = NO;
				DEBUG_INFORMATION_FORMAT = "dwarf-with-dsym";
				ENABLE_NS_ASSERTIONS = NO;
				ENABLE_STRICT_OBJC_MSGSEND = YES;
				GCC_C_LANGUAGE_STANDARD = gnu11;
				GCC_NO_COMMON_BLOCKS = YES;
				GCC_WARN_64_TO_32_BIT_CONVERSION = YES;
				GCC_WARN_ABOUT_RETURN_TYPE = YES_ERROR;
				GCC_WARN_UNDECLARED_SELECTOR = YES;
				GCC_WARN_UNINITIALIZED_AUTOS = YES_AGGRESSIVE;
				GCC_WARN_UNUSED_FUNCTION = YES;
				GCC_WARN_UNUSED_VARIABLE = YES;
				IPHONEOS_DEPLOYMENT_TARGET = 12.1;
				MTL_ENABLE_DEBUG_INFO = NO;
				MTL_FAST_MATH = YES;
				SDKROOT = iphoneos;
				SWIFT_COMPILATION_MODE = wholemodule;
				SWIFT_OPTIMIZATION_LEVEL = "-O";
				VALIDATE_PRODUCT = YES;
			};
			name = Release;
		};
		F733E80721B72A380070845F /* Debug */ = {
			isa = XCBuildConfiguration;
			buildSettings = {
				ASSETCATALOG_COMPILER_APPICON_NAME = AppIcon;
				CODE_SIGN_STYLE = Automatic;
				DEVELOPMENT_TEAM = 6XHS9MLH4Q;
				INFOPLIST_FILE = Alarm23/Info.plist;
				LD_RUNPATH_SEARCH_PATHS = (
					"$(inherited)",
					"@executable_path/Frameworks",
				);
				PRODUCT_BUNDLE_IDENTIFIER = mcdaris.Alarm23;
				PRODUCT_NAME = "$(TARGET_NAME)";
				SWIFT_VERSION = 4.2;
				TARGETED_DEVICE_FAMILY = "1,2";
			};
			name = Debug;
		};
		F733E80821B72A380070845F /* Release */ = {
			isa = XCBuildConfiguration;
			buildSettings = {
				ASSETCATALOG_COMPILER_APPICON_NAME = AppIcon;
				CODE_SIGN_STYLE = Automatic;
				DEVELOPMENT_TEAM = 6XHS9MLH4Q;
				INFOPLIST_FILE = Alarm23/Info.plist;
				LD_RUNPATH_SEARCH_PATHS = (
					"$(inherited)",
					"@executable_path/Frameworks",
				);
				PRODUCT_BUNDLE_IDENTIFIER = mcdaris.Alarm23;
				PRODUCT_NAME = "$(TARGET_NAME)";
				SWIFT_VERSION = 4.2;
				TARGETED_DEVICE_FAMILY = "1,2";
			};
			name = Release;
		};
/* End XCBuildConfiguration section */

/* Begin XCConfigurationList section */
		F733E7EF21B72A370070845F /* Build configuration list for PBXProject "Alarm23" */ = {
			isa = XCConfigurationList;
			buildConfigurations = (
				F733E80421B72A380070845F /* Debug */,
				F733E80521B72A380070845F /* Release */,
			);
			defaultConfigurationIsVisible = 0;
			defaultConfigurationName = Release;
		};
		F733E80621B72A380070845F /* Build configuration list for PBXNativeTarget "Alarm23" */ = {
			isa = XCConfigurationList;
			buildConfigurations = (
				F733E80721B72A380070845F /* Debug */,
				F733E80821B72A380070845F /* Release */,
			);
			defaultConfigurationIsVisible = 0;
			defaultConfigurationName = Release;
		};
/* End XCConfigurationList section */
	};
	rootObject = F733E7EC21B72A370070845F /* Project object */;
}
